// !$*UTF8*$!
{
	archiveVersion = 1;
	classes = {
	};
	objectVersion = 50;
	objects = {

/* Begin PBXBuildFile section */
		4B49F74423D8FBD900ADF203 /* AppDelegate.m in Sources */ = {isa = PBXBuildFile; fileRef = 4B49F74323D8FBD900ADF203 /* AppDelegate.m */; };
		4B49F74723D8FBD900ADF203 /* SceneDelegate.m in Sources */ = {isa = PBXBuildFile; fileRef = 4B49F74623D8FBD900ADF203 /* SceneDelegate.m */; };
		4B49F74D23D8FBD900ADF203 /* Main.storyboard in Resources */ = {isa = PBXBuildFile; fileRef = 4B49F74B23D8FBD900ADF203 /* Main.storyboard */; };
		4B49F74F23D8FBDA00ADF203 /* Assets.xcassets in Resources */ = {isa = PBXBuildFile; fileRef = 4B49F74E23D8FBDA00ADF203 /* Assets.xcassets */; };
		4B49F75223D8FBDA00ADF203 /* LaunchScreen.storyboard in Resources */ = {isa = PBXBuildFile; fileRef = 4B49F75023D8FBDA00ADF203 /* LaunchScreen.storyboard */; };
		4B49F75523D8FBDA00ADF203 /* main.m in Sources */ = {isa = PBXBuildFile; fileRef = 4B49F75423D8FBDA00ADF203 /* main.m */; };
		4B49F75F23D8FBDA00ADF203 /* DocumentsTests.m in Sources */ = {isa = PBXBuildFile; fileRef = 4B49F75E23D8FBDA00ADF203 /* DocumentsTests.m */; };
		4B49F76A23D8FBDA00ADF203 /* DocumentsUITests.m in Sources */ = {isa = PBXBuildFile; fileRef = 4B49F76923D8FBDA00ADF203 /* DocumentsUITests.m */; };
		4B49F77923D8FC2700ADF203 /* DocumentTableViewController.m in Sources */ = {isa = PBXBuildFile; fileRef = 4B49F77823D8FC2700ADF203 /* DocumentTableViewController.m */; };
		4B49F77D23D8FFF100ADF203 /* DocumentDetailViewController.m in Sources */ = {isa = PBXBuildFile; fileRef = 4B49F77C23D8FFF100ADF203 /* DocumentDetailViewController.m */; };
/* End PBXBuildFile section */

/* Begin PBXContainerItemProxy section */
		4B49F75B23D8FBDA00ADF203 /* PBXContainerItemProxy */ = {
			isa = PBXContainerItemProxy;
			containerPortal = 4B49F73723D8FBD900ADF203 /* Project object */;
			proxyType = 1;
			remoteGlobalIDString = 4B49F73E23D8FBD900ADF203;
			remoteInfo = Documents;
		};
		4B49F76623D8FBDA00ADF203 /* PBXContainerItemProxy */ = {
			isa = PBXContainerItemProxy;
			containerPortal = 4B49F73723D8FBD900ADF203 /* Project object */;
			proxyType = 1;
			remoteGlobalIDString = 4B49F73E23D8FBD900ADF203;
			remoteInfo = Documents;
		};
/* End PBXContainerItemProxy section */

/* Begin PBXFileReference section */
		4B49F73F23D8FBD900ADF203 /* Documents.app */ = {isa = PBXFileReference; explicitFileType = wrapper.application; includeInIndex = 0; path = Documents.app; sourceTree = BUILT_PRODUCTS_DIR; };
		4B49F74223D8FBD900ADF203 /* AppDelegate.h */ = {isa = PBXFileReference; lastKnownFileType = sourcecode.c.h; path = AppDelegate.h; sourceTree = "<group>"; };
		4B49F74323D8FBD900ADF203 /* AppDelegate.m */ = {isa = PBXFileReference; lastKnownFileType = sourcecode.c.objc; path = AppDelegate.m; sourceTree = "<group>"; };
		4B49F74523D8FBD900ADF203 /* SceneDelegate.h */ = {isa = PBXFileReference; lastKnownFileType = sourcecode.c.h; path = SceneDelegate.h; sourceTree = "<group>"; };
		4B49F74623D8FBD900ADF203 /* SceneDelegate.m */ = {isa = PBXFileReference; lastKnownFileType = sourcecode.c.objc; path = SceneDelegate.m; sourceTree = "<group>"; };
		4B49F74C23D8FBD900ADF203 /* Base */ = {isa = PBXFileReference; lastKnownFileType = file.storyboard; name = Base; path = Base.lproj/Main.storyboard; sourceTree = "<group>"; };
		4B49F74E23D8FBDA00ADF203 /* Assets.xcassets */ = {isa = PBXFileReference; lastKnownFileType = folder.assetcatalog; path = Assets.xcassets; sourceTree = "<group>"; };
		4B49F75123D8FBDA00ADF203 /* Base */ = {isa = PBXFileReference; lastKnownFileType = file.storyboard; name = Base; path = Base.lproj/LaunchScreen.storyboard; sourceTree = "<group>"; };
		4B49F75323D8FBDA00ADF203 /* Info.plist */ = {isa = PBXFileReference; lastKnownFileType = text.plist.xml; path = Info.plist; sourceTree = "<group>"; };
		4B49F75423D8FBDA00ADF203 /* main.m */ = {isa = PBXFileReference; lastKnownFileType = sourcecode.c.objc; path = main.m; sourceTree = "<group>"; };
		4B49F75A23D8FBDA00ADF203 /* DocumentsTests.xctest */ = {isa = PBXFileReference; explicitFileType = wrapper.cfbundle; includeInIndex = 0; path = DocumentsTests.xctest; sourceTree = BUILT_PRODUCTS_DIR; };
		4B49F75E23D8FBDA00ADF203 /* DocumentsTests.m */ = {isa = PBXFileReference; lastKnownFileType = sourcecode.c.objc; path = DocumentsTests.m; sourceTree = "<group>"; };
		4B49F76023D8FBDA00ADF203 /* Info.plist */ = {isa = PBXFileReference; lastKnownFileType = text.plist.xml; path = Info.plist; sourceTree = "<group>"; };
		4B49F76523D8FBDA00ADF203 /* DocumentsUITests.xctest */ = {isa = PBXFileReference; explicitFileType = wrapper.cfbundle; includeInIndex = 0; path = DocumentsUITests.xctest; sourceTree = BUILT_PRODUCTS_DIR; };
		4B49F76923D8FBDA00ADF203 /* DocumentsUITests.m */ = {isa = PBXFileReference; lastKnownFileType = sourcecode.c.objc; path = DocumentsUITests.m; sourceTree = "<group>"; };
		4B49F76B23D8FBDA00ADF203 /* Info.plist */ = {isa = PBXFileReference; lastKnownFileType = text.plist.xml; path = Info.plist; sourceTree = "<group>"; };
		4B49F77723D8FC2700ADF203 /* DocumentTableViewController.h */ = {isa = PBXFileReference; lastKnownFileType = sourcecode.c.h; path = DocumentTableViewController.h; sourceTree = "<group>"; };
		4B49F77823D8FC2700ADF203 /* DocumentTableViewController.m */ = {isa = PBXFileReference; lastKnownFileType = sourcecode.c.objc; path = DocumentTableViewController.m; sourceTree = "<group>"; };
		4B49F77B23D8FFF100ADF203 /* DocumentDetailViewController.h */ = {isa = PBXFileReference; lastKnownFileType = sourcecode.c.h; path = DocumentDetailViewController.h; sourceTree = "<group>"; };
		4B49F77C23D8FFF100ADF203 /* DocumentDetailViewController.m */ = {isa = PBXFileReference; lastKnownFileType = sourcecode.c.objc; path = DocumentDetailViewController.m; sourceTree = "<group>"; };
/* End PBXFileReference section */

/* Begin PBXFrameworksBuildPhase section */
		4B49F73C23D8FBD900ADF203 /* Frameworks */ = {
			isa = PBXFrameworksBuildPhase;
			buildActionMask = 2147483647;
			files = (
			);
			runOnlyForDeploymentPostprocessing = 0;
		};
		4B49F75723D8FBDA00ADF203 /* Frameworks */ = {
			isa = PBXFrameworksBuildPhase;
			buildActionMask = 2147483647;
			files = (
			);
			runOnlyForDeploymentPostprocessing = 0;
		};
		4B49F76223D8FBDA00ADF203 /* Frameworks */ = {
			isa = PBXFrameworksBuildPhase;
			buildActionMask = 2147483647;
			files = (
			);
			runOnlyForDeploymentPostprocessing = 0;
		};
/* End PBXFrameworksBuildPhase section */

/* Begin PBXGroup section */
		4B49F73623D8FBD900ADF203 = {
			isa = PBXGroup;
			children = (
				4B49F74123D8FBD900ADF203 /* Documents */,
				4B49F75D23D8FBDA00ADF203 /* DocumentsTests */,
				4B49F76823D8FBDA00ADF203 /* DocumentsUITests */,
				4B49F74023D8FBD900ADF203 /* Products */,
			);
			sourceTree = "<group>";
		};
		4B49F74023D8FBD900ADF203 /* Products */ = {
			isa = PBXGroup;
			children = (
				4B49F73F23D8FBD900ADF203 /* Documents.app */,
				4B49F75A23D8FBDA00ADF203 /* DocumentsTests.xctest */,
				4B49F76523D8FBDA00ADF203 /* DocumentsUITests.xctest */,
			);
			name = Products;
			sourceTree = "<group>";
		};
		4B49F74123D8FBD900ADF203 /* Documents */ = {
			isa = PBXGroup;
			children = (
				4B49F77E23D8FFFC00ADF203 /* View Controller */,
				4B49F77F23D9000600ADF203 /* Table View Controller */,
				4B49F77A23D8FC4600ADF203 /* Resources */,
				4B49F74E23D8FBDA00ADF203 /* Assets.xcassets */,
			);
			path = Documents;
			sourceTree = "<group>";
		};
		4B49F75D23D8FBDA00ADF203 /* DocumentsTests */ = {
			isa = PBXGroup;
			children = (
				4B49F75E23D8FBDA00ADF203 /* DocumentsTests.m */,
				4B49F76023D8FBDA00ADF203 /* Info.plist */,
			);
			path = DocumentsTests;
			sourceTree = "<group>";
		};
		4B49F76823D8FBDA00ADF203 /* DocumentsUITests */ = {
			isa = PBXGroup;
			children = (
				4B49F76923D8FBDA00ADF203 /* DocumentsUITests.m */,
				4B49F76B23D8FBDA00ADF203 /* Info.plist */,
			);
			path = DocumentsUITests;
			sourceTree = "<group>";
		};
		4B49F77A23D8FC4600ADF203 /* Resources */ = {
			isa = PBXGroup;
			children = (
				4B49F74B23D8FBD900ADF203 /* Main.storyboard */,
				4B49F74223D8FBD900ADF203 /* AppDelegate.h */,
				4B49F74323D8FBD900ADF203 /* AppDelegate.m */,
				4B49F74523D8FBD900ADF203 /* SceneDelegate.h */,
				4B49F74623D8FBD900ADF203 /* SceneDelegate.m */,
				4B49F75023D8FBDA00ADF203 /* LaunchScreen.storyboard */,
				4B49F75323D8FBDA00ADF203 /* Info.plist */,
				4B49F75423D8FBDA00ADF203 /* main.m */,
			);
			path = Resources;
			sourceTree = "<group>";
		};
		4B49F77E23D8FFFC00ADF203 /* View Controller */ = {
			isa = PBXGroup;
			children = (
				4B49F77B23D8FFF100ADF203 /* DocumentDetailViewController.h */,
				4B49F77C23D8FFF100ADF203 /* DocumentDetailViewController.m */,
			);
			path = "View Controller";
			sourceTree = "<group>";
		};
		4B49F77F23D9000600ADF203 /* Table View Controller */ = {
			isa = PBXGroup;
			children = (
				4B49F77723D8FC2700ADF203 /* DocumentTableViewController.h */,
				4B49F77823D8FC2700ADF203 /* DocumentTableViewController.m */,
			);
			path = "Table View Controller";
			sourceTree = "<group>";
		};
/* End PBXGroup section */

/* Begin PBXNativeTarget section */
		4B49F73E23D8FBD900ADF203 /* Documents */ = {
			isa = PBXNativeTarget;
			buildConfigurationList = 4B49F76E23D8FBDA00ADF203 /* Build configuration list for PBXNativeTarget "Documents" */;
			buildPhases = (
				4B49F73B23D8FBD900ADF203 /* Sources */,
				4B49F73C23D8FBD900ADF203 /* Frameworks */,
				4B49F73D23D8FBD900ADF203 /* Resources */,
			);
			buildRules = (
			);
			dependencies = (
			);
			name = Documents;
			productName = Documents;
			productReference = 4B49F73F23D8FBD900ADF203 /* Documents.app */;
			productType = "com.apple.product-type.application";
		};
		4B49F75923D8FBDA00ADF203 /* DocumentsTests */ = {
			isa = PBXNativeTarget;
			buildConfigurationList = 4B49F77123D8FBDA00ADF203 /* Build configuration list for PBXNativeTarget "DocumentsTests" */;
			buildPhases = (
				4B49F75623D8FBDA00ADF203 /* Sources */,
				4B49F75723D8FBDA00ADF203 /* Frameworks */,
				4B49F75823D8FBDA00ADF203 /* Resources */,
			);
			buildRules = (
			);
			dependencies = (
				4B49F75C23D8FBDA00ADF203 /* PBXTargetDependency */,
			);
			name = DocumentsTests;
			productName = DocumentsTests;
			productReference = 4B49F75A23D8FBDA00ADF203 /* DocumentsTests.xctest */;
			productType = "com.apple.product-type.bundle.unit-test";
		};
		4B49F76423D8FBDA00ADF203 /* DocumentsUITests */ = {
			isa = PBXNativeTarget;
			buildConfigurationList = 4B49F77423D8FBDA00ADF203 /* Build configuration list for PBXNativeTarget "DocumentsUITests" */;
			buildPhases = (
				4B49F76123D8FBDA00ADF203 /* Sources */,
				4B49F76223D8FBDA00ADF203 /* Frameworks */,
				4B49F76323D8FBDA00ADF203 /* Resources */,
			);
			buildRules = (
			);
			dependencies = (
				4B49F76723D8FBDA00ADF203 /* PBXTargetDependency */,
			);
			name = DocumentsUITests;
			productName = DocumentsUITests;
			productReference = 4B49F76523D8FBDA00ADF203 /* DocumentsUITests.xctest */;
			productType = "com.apple.product-type.bundle.ui-testing";
		};
/* End PBXNativeTarget section */

/* Begin PBXProject section */
		4B49F73723D8FBD900ADF203 /* Project object */ = {
			isa = PBXProject;
			attributes = {
				LastUpgradeCheck = 1120;
				ORGANIZATIONNAME = "Nar Kumar";
				TargetAttributes = {
					4B49F73E23D8FBD900ADF203 = {
						CreatedOnToolsVersion = 11.2.1;
					};
					4B49F75923D8FBDA00ADF203 = {
						CreatedOnToolsVersion = 11.2.1;
						TestTargetID = 4B49F73E23D8FBD900ADF203;
					};
					4B49F76423D8FBDA00ADF203 = {
						CreatedOnToolsVersion = 11.2.1;
						TestTargetID = 4B49F73E23D8FBD900ADF203;
					};
				};
			};
			buildConfigurationList = 4B49F73A23D8FBD900ADF203 /* Build configuration list for PBXProject "Documents" */;
			compatibilityVersion = "Xcode 9.3";
			developmentRegion = en;
			hasScannedForEncodings = 0;
			knownRegions = (
				en,
				Base,
			);
			mainGroup = 4B49F73623D8FBD900ADF203;
			productRefGroup = 4B49F74023D8FBD900ADF203 /* Products */;
			projectDirPath = "";
			projectRoot = "";
			targets = (
				4B49F73E23D8FBD900ADF203 /* Documents */,
				4B49F75923D8FBDA00ADF203 /* DocumentsTests */,
				4B49F76423D8FBDA00ADF203 /* DocumentsUITests */,
			);
		};
/* End PBXProject section */

/* Begin PBXResourcesBuildPhase section */
		4B49F73D23D8FBD900ADF203 /* Resources */ = {
			isa = PBXResourcesBuildPhase;
			buildActionMask = 2147483647;
			files = (
				4B49F75223D8FBDA00ADF203 /* LaunchScreen.storyboard in Resources */,
				4B49F74F23D8FBDA00ADF203 /* Assets.xcassets in Resources */,
				4B49F74D23D8FBD900ADF203 /* Main.storyboard in Resources */,
			);
			runOnlyForDeploymentPostprocessing = 0;
		};
		4B49F75823D8FBDA00ADF203 /* Resources */ = {
			isa = PBXResourcesBuildPhase;
			buildActionMask = 2147483647;
			files = (
			);
			runOnlyForDeploymentPostprocessing = 0;
		};
		4B49F76323D8FBDA00ADF203 /* Resources */ = {
			isa = PBXResourcesBuildPhase;
			buildActionMask = 2147483647;
			files = (
			);
			runOnlyForDeploymentPostprocessing = 0;
		};
/* End PBXResourcesBuildPhase section */

/* Begin PBXSourcesBuildPhase section */
		4B49F73B23D8FBD900ADF203 /* Sources */ = {
			isa = PBXSourcesBuildPhase;
			buildActionMask = 2147483647;
			files = (
				4B49F74423D8FBD900ADF203 /* AppDelegate.m in Sources */,
				4B49F77D23D8FFF100ADF203 /* DocumentDetailViewController.m in Sources */,
				4B49F75523D8FBDA00ADF203 /* main.m in Sources */,
				4B49F77923D8FC2700ADF203 /* DocumentTableViewController.m in Sources */,
				4B49F74723D8FBD900ADF203 /* SceneDelegate.m in Sources */,
			);
			runOnlyForDeploymentPostprocessing = 0;
		};
		4B49F75623D8FBDA00ADF203 /* Sources */ = {
			isa = PBXSourcesBuildPhase;
			buildActionMask = 2147483647;
			files = (
				4B49F75F23D8FBDA00ADF203 /* DocumentsTests.m in Sources */,
			);
			runOnlyForDeploymentPostprocessing = 0;
		};
		4B49F76123D8FBDA00ADF203 /* Sources */ = {
			isa = PBXSourcesBuildPhase;
			buildActionMask = 2147483647;
			files = (
				4B49F76A23D8FBDA00ADF203 /* DocumentsUITests.m in Sources */,
			);
			runOnlyForDeploymentPostprocessing = 0;
		};
/* End PBXSourcesBuildPhase section */

/* Begin PBXTargetDependency section */
		4B49F75C23D8FBDA00ADF203 /* PBXTargetDependency */ = {
			isa = PBXTargetDependency;
			target = 4B49F73E23D8FBD900ADF203 /* Documents */;
			targetProxy = 4B49F75B23D8FBDA00ADF203 /* PBXContainerItemProxy */;
		};
		4B49F76723D8FBDA00ADF203 /* PBXTargetDependency */ = {
			isa = PBXTargetDependency;
			target = 4B49F73E23D8FBD900ADF203 /* Documents */;
			targetProxy = 4B49F76623D8FBDA00ADF203 /* PBXContainerItemProxy */;
		};
/* End PBXTargetDependency section */

/* Begin PBXVariantGroup section */
		4B49F74B23D8FBD900ADF203 /* Main.storyboard */ = {
			isa = PBXVariantGroup;
			children = (
				4B49F74C23D8FBD900ADF203 /* Base */,
			);
			name = Main.storyboard;
			sourceTree = "<group>";
		};
		4B49F75023D8FBDA00ADF203 /* LaunchScreen.storyboard */ = {
			isa = PBXVariantGroup;
			children = (
				4B49F75123D8FBDA00ADF203 /* Base */,
			);
			name = LaunchScreen.storyboard;
			sourceTree = "<group>";
		};
/* End PBXVariantGroup section */

/* Begin XCBuildConfiguration section */
		4B49F76C23D8FBDA00ADF203 /* Debug */ = {
			isa = XCBuildConfiguration;
			buildSettings = {
				ALWAYS_SEARCH_USER_PATHS = NO;
				CLANG_ANALYZER_NONNULL = YES;
				CLANG_ANALYZER_NUMBER_OBJECT_CONVERSION = YES_AGGRESSIVE;
				CLANG_CXX_LANGUAGE_STANDARD = "gnu++14";
				CLANG_CXX_LIBRARY = "libc++";
				CLANG_ENABLE_MODULES = YES;
				CLANG_ENABLE_OBJC_ARC = YES;
				CLANG_ENABLE_OBJC_WEAK = YES;
				CLANG_WARN_BLOCK_CAPTURE_AUTORELEASING = YES;
				CLANG_WARN_BOOL_CONVERSION = YES;
				CLANG_WARN_COMMA = YES;
				CLANG_WARN_CONSTANT_CONVERSION = YES;
				CLANG_WARN_DEPRECATED_OBJC_IMPLEMENTATIONS = YES;
				CLANG_WARN_DIRECT_OBJC_ISA_USAGE = YES_ERROR;
				CLANG_WARN_DOCUMENTATION_COMMENTS = YES;
				CLANG_WARN_EMPTY_BODY = YES;
				CLANG_WARN_ENUM_CONVERSION = YES;
				CLANG_WARN_INFINITE_RECURSION = YES;
				CLANG_WARN_INT_CONVERSION = YES;
				CLANG_WARN_NON_LITERAL_NULL_CONVERSION = YES;
				CLANG_WARN_OBJC_IMPLICIT_RETAIN_SELF = YES;
				CLANG_WARN_OBJC_LITERAL_CONVERSION = YES;
				CLANG_WARN_OBJC_ROOT_CLASS = YES_ERROR;
				CLANG_WARN_RANGE_LOOP_ANALYSIS = YES;
				CLANG_WARN_STRICT_PROTOTYPES = YES;
				CLANG_WARN_SUSPICIOUS_MOVE = YES;
				CLANG_WARN_UNGUARDED_AVAILABILITY = YES_AGGRESSIVE;
				CLANG_WARN_UNREACHABLE_CODE = YES;
				CLANG_WARN__DUPLICATE_METHOD_MATCH = YES;
				COPY_PHASE_STRIP = NO;
				DEBUG_INFORMATION_FORMAT = dwarf;
				ENABLE_STRICT_OBJC_MSGSEND = YES;
				ENABLE_TESTABILITY = YES;
				GCC_C_LANGUAGE_STANDARD = gnu11;
				GCC_DYNAMIC_NO_PIC = NO;
				GCC_NO_COMMON_BLOCKS = YES;
				GCC_OPTIMIZATION_LEVEL = 0;
				GCC_PREPROCESSOR_DEFINITIONS = (
					"DEBUG=1",
					"$(inherited)",
				);
				GCC_WARN_64_TO_32_BIT_CONVERSION = YES;
				GCC_WARN_ABOUT_RETURN_TYPE = YES_ERROR;
				GCC_WARN_UNDECLARED_SELECTOR = YES;
				GCC_WARN_UNINITIALIZED_AUTOS = YES_AGGRESSIVE;
				GCC_WARN_UNUSED_FUNCTION = YES;
				GCC_WARN_UNUSED_VARIABLE = YES;
				IPHONEOS_DEPLOYMENT_TARGET = 13.2;
				MTL_ENABLE_DEBUG_INFO = INCLUDE_SOURCE;
				MTL_FAST_MATH = YES;
				ONLY_ACTIVE_ARCH = YES;
				SDKROOT = iphoneos;
			};
			name = Debug;
		};
		4B49F76D23D8FBDA00ADF203 /* Release */ = {
			isa = XCBuildConfiguration;
			buildSettings = {
				ALWAYS_SEARCH_USER_PATHS = NO;
				CLANG_ANALYZER_NONNULL = YES;
				CLANG_ANALYZER_NUMBER_OBJECT_CONVERSION = YES_AGGRESSIVE;
				CLANG_CXX_LANGUAGE_STANDARD = "gnu++14";
				CLANG_CXX_LIBRARY = "libc++";
				CLANG_ENABLE_MODULES = YES;
				CLANG_ENABLE_OBJC_ARC = YES;
				CLANG_ENABLE_OBJC_WEAK = YES;
				CLANG_WARN_BLOCK_CAPTURE_AUTORELEASING = YES;
				CLANG_WARN_BOOL_CONVERSION = YES;
				CLANG_WARN_COMMA = YES;
				CLANG_WARN_CONSTANT_CONVERSION = YES;
				CLANG_WARN_DEPRECATED_OBJC_IMPLEMENTATIONS = YES;
				CLANG_WARN_DIRECT_OBJC_ISA_USAGE = YES_ERROR;
				CLANG_WARN_DOCUMENTATION_COMMENTS = YES;
				CLANG_WARN_EMPTY_BODY = YES;
				CLANG_WARN_ENUM_CONVERSION = YES;
				CLANG_WARN_INFINITE_RECURSION = YES;
				CLANG_WARN_INT_CONVERSION = YES;
				CLANG_WARN_NON_LITERAL_NULL_CONVERSION = YES;
				CLANG_WARN_OBJC_IMPLICIT_RETAIN_SELF = YES;
				CLANG_WARN_OBJC_LITERAL_CONVERSION = YES;
				CLANG_WARN_OBJC_ROOT_CLASS = YES_ERROR;
				CLANG_WARN_RANGE_LOOP_ANALYSIS = YES;
				CLANG_WARN_STRICT_PROTOTYPES = YES;
				CLANG_WARN_SUSPICIOUS_MOVE = YES;
				CLANG_WARN_UNGUARDED_AVAILABILITY = YES_AGGRESSIVE;
				CLANG_WARN_UNREACHABLE_CODE = YES;
				CLANG_WARN__DUPLICATE_METHOD_MATCH = YES;
				COPY_PHASE_STRIP = NO;
				DEBUG_INFORMATION_FORMAT = "dwarf-with-dsym";
				ENABLE_NS_ASSERTIONS = NO;
				ENABLE_STRICT_OBJC_MSGSEND = YES;
				GCC_C_LANGUAGE_STANDARD = gnu11;
				GCC_NO_COMMON_BLOCKS = YES;
				GCC_WARN_64_TO_32_BIT_CONVERSION = YES;
				GCC_WARN_ABOUT_RETURN_TYPE = YES_ERROR;
				GCC_WARN_UNDECLARED_SELECTOR = YES;
				GCC_WARN_UNINITIALIZED_AUTOS = YES_AGGRESSIVE;
				GCC_WARN_UNUSED_FUNCTION = YES;
				GCC_WARN_UNUSED_VARIABLE = YES;
				IPHONEOS_DEPLOYMENT_TARGET = 13.2;
				MTL_ENABLE_DEBUG_INFO = NO;
				MTL_FAST_MATH = YES;
				SDKROOT = iphoneos;
				VALIDATE_PRODUCT = YES;
			};
			name = Release;
		};
		4B49F76F23D8FBDA00ADF203 /* Debug */ = {
			isa = XCBuildConfiguration;
			buildSettings = {
				ASSETCATALOG_COMPILER_APPICON_NAME = AppIcon;
				CODE_SIGN_STYLE = Automatic;
				DEVELOPMENT_TEAM = "";
				INFOPLIST_FILE = "$(SRCROOT)/Documents/Resources/Info.plist";
				LD_RUNPATH_SEARCH_PATHS = (
					"$(inherited)",
					"@executable_path/Frameworks",
				);
				PRODUCT_BUNDLE_IDENTIFIER = NarKumar.Documents;
				PRODUCT_NAME = "$(TARGET_NAME)";
				TARGETED_DEVICE_FAMILY = "1,2";
			};
			name = Debug;
		};
		4B49F77023D8FBDA00ADF203 /* Release */ = {
			isa = XCBuildConfiguration;
			buildSettings = {
				ASSETCATALOG_COMPILER_APPICON_NAME = AppIcon;
				CODE_SIGN_STYLE = Automatic;
				DEVELOPMENT_TEAM = "";
				INFOPLIST_FILE = "$(SRCROOT)/Documents/Resources/Info.plist";
				LD_RUNPATH_SEARCH_PATHS = (
					"$(inherited)",
					"@executable_path/Frameworks",
				);
				PRODUCT_BUNDLE_IDENTIFIER = NarKumar.Documents;
				PRODUCT_NAME = "$(TARGET_NAME)";
				TARGETED_DEVICE_FAMILY = "1,2";
			};
			name = Release;
		};
		4B49F77223D8FBDA00ADF203 /* Debug */ = {
			isa = XCBuildConfiguration;
			buildSettings = {
				BUNDLE_LOADER = "$(TEST_HOST)";
				CODE_SIGN_STYLE = Automatic;
				INFOPLIST_FILE = DocumentsTests/Info.plist;
				IPHONEOS_DEPLOYMENT_TARGET = 13.2;
				LD_RUNPATH_SEARCH_PATHS = (
					"$(inherited)",
					"@executable_path/Frameworks",
					"@loader_path/Frameworks",
				);
				PRODUCT_BUNDLE_IDENTIFIER = NarKumar.DocumentsTests;
				PRODUCT_NAME = "$(TARGET_NAME)";
				TARGETED_DEVICE_FAMILY = "1,2";
				TEST_HOST = "$(BUILT_PRODUCTS_DIR)/Documents.app/Documents";
			};
			name = Debug;
		};
		4B49F77323D8FBDA00ADF203 /* Release */ = {
			isa = XCBuildConfiguration;
			buildSettings = {
				BUNDLE_LOADER = "$(TEST_HOST)";
				CODE_SIGN_STYLE = Automatic;
				INFOPLIST_FILE = DocumentsTests/Info.plist;
				IPHONEOS_DEPLOYMENT_TARGET = 13.2;
				LD_RUNPATH_SEARCH_PATHS = (
					"$(inherited)",
					"@executable_path/Frameworks",
					"@loader_path/Frameworks",
				);
				PRODUCT_BUNDLE_IDENTIFIER = NarKumar.DocumentsTests;
				PRODUCT_NAME = "$(TARGET_NAME)";
				TARGETED_DEVICE_FAMILY = "1,2";
				TEST_HOST = "$(BUILT_PRODUCTS_DIR)/Documents.app/Documents";
			};
			name = Release;
		};
		4B49F77523D8FBDA00ADF203 /* Debug */ = {
			isa = XCBuildConfiguration;
			buildSettings = {
				CODE_SIGN_STYLE = Automatic;
				INFOPLIST_FILE = DocumentsUITests/Info.plist;
				LD_RUNPATH_SEARCH_PATHS = (
					"$(inherited)",
					"@executable_path/Frameworks",
					"@loader_path/Frameworks",
				);
				PRODUCT_BUNDLE_IDENTIFIER = NarKumar.DocumentsUITests;
				PRODUCT_NAME = "$(TARGET_NAME)";
				TARGETED_DEVICE_FAMILY = "1,2";
				TEST_TARGET_NAME = Documents;
			};
			name = Debug;
		};
		4B49F77623D8FBDA00ADF203 /* Release */ = {
			isa = XCBuildConfiguration;
			buildSettings = {
				CODE_SIGN_STYLE = Automatic;
				INFOPLIST_FILE = DocumentsUITests/Info.plist;
				LD_RUNPATH_SEARCH_PATHS = (
					"$(inherited)",
					"@executable_path/Frameworks",
					"@loader_path/Frameworks",
				);
				PRODUCT_BUNDLE_IDENTIFIER = NarKumar.DocumentsUITests;
				PRODUCT_NAME = "$(TARGET_NAME)";
				TARGETED_DEVICE_FAMILY = "1,2";
				TEST_TARGET_NAME = Documents;
			};
			name = Release;
		};
/* End XCBuildConfiguration section */

/* Begin XCConfigurationList section */
		4B49F73A23D8FBD900ADF203 /* Build configuration list for PBXProject "Documents" */ = {
			isa = XCConfigurationList;
			buildConfigurations = (
				4B49F76C23D8FBDA00ADF203 /* Debug */,
				4B49F76D23D8FBDA00ADF203 /* Release */,
			);
			defaultConfigurationIsVisible = 0;
			defaultConfigurationName = Release;
		};
		4B49F76E23D8FBDA00ADF203 /* Build configuration list for PBXNativeTarget "Documents" */ = {
			isa = XCConfigurationList;
			buildConfigurations = (
				4B49F76F23D8FBDA00ADF203 /* Debug */,
				4B49F77023D8FBDA00ADF203 /* Release */,
			);
			defaultConfigurationIsVisible = 0;
			defaultConfigurationName = Release;
		};
		4B49F77123D8FBDA00ADF203 /* Build configuration list for PBXNativeTarget "DocumentsTests" */ = {
			isa = XCConfigurationList;
			buildConfigurations = (
				4B49F77223D8FBDA00ADF203 /* Debug */,
				4B49F77323D8FBDA00ADF203 /* Release */,
			);
			defaultConfigurationIsVisible = 0;
			defaultConfigurationName = Release;
		};
		4B49F77423D8FBDA00ADF203 /* Build configuration list for PBXNativeTarget "DocumentsUITests" */ = {
			isa = XCConfigurationList;
			buildConfigurations = (
				4B49F77523D8FBDA00ADF203 /* Debug */,
				4B49F77623D8FBDA00ADF203 /* Release */,
			);
			defaultConfigurationIsVisible = 0;
			defaultConfigurationName = Release;
		};
/* End XCConfigurationList section */
	};
	rootObject = 4B49F73723D8FBD900ADF203 /* Project object */;
}
